<Solution>
  <Project Path="SmartShoppingAssistant.Api/SmartShoppingAssistant.Api.csproj" />
  <Project Path="SmartShoppingAssistant.BussinessLogic/SmartShoppingAssistant.BusinessLogic.csproj" Id="c3b02e82-9365-4799-99f3-7d6bdbd64596" />
  <Project Path="SmartShoppingAssistant.DataAcces/SmartShoppingAssistant.DataAccess.csproj" />
</Solution>
